
Microsoft Visual Studio Solution File, Format Version 12.00
# Visual Studio Version 17
VisualStudioVersion = 17.10.35013.160
MinimumVisualStudioVersion = 10.0.40219.1
Project("{FAE04EC0-301F-11D3-BF4B-00C04F79EFBC}") = "WebApplication1", "WebApplication1\WebApplication1.csproj", "{E948C257-9386-47F5-BE4B-41B52C37A6DB}"
EndProject
Global
	GlobalSection(SolutionConfigurationPlatforms) = preSolution
		Debug|Any CPU = Debug|Any CPU
		Release|Any CPU = Release|Any CPU
	EndGlobalSection
	GlobalSection(ProjectConfigurationPlatforms) = postSolution
		{E948C257-9386-47F5-BE4B-41B52C37A6DB}.Debug|Any CPU.ActiveCfg = Debug|Any CPU
		{E948C257-9386-47F5-BE4B-41B52C37A6DB}.Debug|Any CPU.Build.0 = Debug|Any CPU
		{E948C257-9386-47F5-BE4B-41B52C37A6DB}.Release|Any CPU.ActiveCfg = Release|Any CPU
		{E948C257-9386-47F5-BE4B-41B52C37A6DB}.Release|Any CPU.Build.0 = Release|Any CPU
	EndGlobalSection
	GlobalSection(SolutionProperties) = preSolution
		HideSolutionNode = FALSE
	EndGlobalSection
	GlobalSection(ExtensibilityGlobals) = postSolution
		SolutionGuid = {E4438FF2-E759-4722-999C-D52B1A57F40A}
	EndGlobalSection
EndGlobal
